
Microsoft Visual Studio Solution File, Format Version 12.00
# Visual Studio Version 16
VisualStudioVersion = 16.0.31624.102
MinimumVisualStudioVersion = 10.0.40219.1
Project("{FAE04EC0-301F-11D3-BF4B-00C04F79EFBC}") = "mini_omega", "mini_omega\mini_omega.csproj", "{AFB1002F-F2E5-453F-96A3-D8679EB5F92D}"
EndProject
Global
	GlobalSection(SolutionConfigurationPlatforms) = preSolution
		Debug|Any CPU = Debug|Any CPU
		Release|Any CPU = Release|Any CPU
	EndGlobalSection
	GlobalSection(ProjectConfigurationPlatforms) = postSolution
		{AFB1002F-F2E5-453F-96A3-D8679EB5F92D}.Debug|Any CPU.ActiveCfg = Debug|Any CPU
		{AFB1002F-F2E5-453F-96A3-D8679EB5F92D}.Debug|Any CPU.Build.0 = Debug|Any CPU
		{AFB1002F-F2E5-453F-96A3-D8679EB5F92D}.Release|Any CPU.ActiveCfg = Release|Any CPU
		{AFB1002F-F2E5-453F-96A3-D8679EB5F92D}.Release|Any CPU.Build.0 = Release|Any CPU
	EndGlobalSection
	GlobalSection(SolutionProperties) = preSolution
		HideSolutionNode = FALSE
	EndGlobalSection
	GlobalSection(ExtensibilityGlobals) = postSolution
		SolutionGuid = {0AE5148E-045A-4C22-826B-6D6AC7B34491}
	EndGlobalSection
EndGlobal
